{
  "nodes": {
    "deriveables-master": {
      "inputs": {
        "flakeNimbleLib": [
          "flakeNimbleLib"
        ],
        "nixpkgs": [
          "nixpkgs"
        ],
        "src-deriveables-master": "src-deriveables-master"
      },
      "locked": {
        "dir": "master",
        "lastModified": 1667322235,
        "narHash": "sha256-urtkp//0u8Mp2xDxB/1pU40HpAfAE07DIMj7NXHhl4A=",
        "owner": "nim-nix-pkgs",
        "repo": "deriveables",
        "rev": "5b1a38b223b97b7f57d711193a3ba9c2179329d4",
        "type": "github"
      },
      "original": {
        "dir": "master",
        "owner": "nim-nix-pkgs",
        "ref": "master",
        "repo": "deriveables",
        "type": "github"
      }
    },
    "flakeNimbleLib": {
      "inputs": {
        "nixpkgs": [
          "nixpkgs"
        ]
      },
      "locked": {
        "lastModified": 1662018438,
        "narHash": "sha256-QtNtU6+LX3Wokxf0zlFwKTFOcn6TeDjKQZ+DA9OYtvM=",
        "owner": "riinr",
        "repo": "nim-flakes-lib",
        "rev": "b1fe8340736e3a85d25c709ac3dfd82a55c03cbf",
        "type": "github"
      },
      "original": {
        "owner": "riinr",
        "ref": "master",
        "repo": "nim-flakes-lib",
        "type": "github"
      }
    },
    "nixpkgs": {
      "locked": {
        "lastModified": 1667199707,
        "narHash": "sha256-I2Js3Y7gUyVSEXPULHlBoRek4Lh85vnevdS6mdvDNLI=",
        "owner": "NixOS",
        "repo": "nixpkgs",
        "rev": "ced197be72099edcfa68ebed8b87af7b04851f45",
        "type": "github"
      },
      "original": {
        "id": "nixpkgs",
        "type": "indirect"
      }
    },
    "root": {
      "inputs": {
        "deriveables-master": "deriveables-master",
        "flakeNimbleLib": "flakeNimbleLib",
        "nixpkgs": "nixpkgs"
      }
    },
    "src-deriveables-master": {
      "flake": false,
      "locked": {
        "lastModified": 1662106204,
        "narHash": "sha256-/c5MDhRX8bcDZAj37P7dZoTrH80gqPoOVBYOhYwkPLQ=",
        "owner": "PMunch",
        "repo": "deriveables",
        "rev": "e6629c6a71ba4c8a41d5e003ba294182132e4659",
        "type": "github"
      },
      "original": {
        "owner": "PMunch",
        "ref": "refs/heads/master",
        "repo": "deriveables",
        "type": "github"
      }
    }
  },
  "root": "root",
  "version": 7
}
